
Microsoft Visual Studio Solution File, Format Version 12.00
# Visual Studio Version 16
VisualStudioVersion = 16.0.31205.134
MinimumVisualStudioVersion = 10.0.40219.1
Project("{FAE04EC0-301F-11D3-BF4B-00C04F79EFBC}") = "API_Negocio_Libros", "API_Negocio_Libros\API_Negocio_Libros.csproj", "{384D7E20-8975-4DD7-9AA6-D5ACE6C72DF3}"
EndProject
Global
	GlobalSection(SolutionConfigurationPlatforms) = preSolution
		Debug|Any CPU = Debug|Any CPU
		Release|Any CPU = Release|Any CPU
	EndGlobalSection
	GlobalSection(ProjectConfigurationPlatforms) = postSolution
		{384D7E20-8975-4DD7-9AA6-D5ACE6C72DF3}.Debug|Any CPU.ActiveCfg = Debug|Any CPU
		{384D7E20-8975-4DD7-9AA6-D5ACE6C72DF3}.Debug|Any CPU.Build.0 = Debug|Any CPU
		{384D7E20-8975-4DD7-9AA6-D5ACE6C72DF3}.Release|Any CPU.ActiveCfg = Release|Any CPU
		{384D7E20-8975-4DD7-9AA6-D5ACE6C72DF3}.Release|Any CPU.Build.0 = Release|Any CPU
	EndGlobalSection
	GlobalSection(SolutionProperties) = preSolution
		HideSolutionNode = FALSE
	EndGlobalSection
	GlobalSection(ExtensibilityGlobals) = postSolution
		SolutionGuid = {A72ED731-CD08-4631-B8A4-9AE42EEC4720}
	EndGlobalSection
EndGlobal
