
Microsoft Visual Studio Solution File, Format Version 12.00
# Visual Studio Version 16
VisualStudioVersion = 16.0.31205.134
MinimumVisualStudioVersion = 10.0.40219.1
Project("{FAE04EC0-301F-11D3-BF4B-00C04F79EFBC}") = "ModuloSeguridad", "ModuloSeguridad\ModuloSeguridad.csproj", "{37CAA986-58AE-4C56-A6AD-03F8A4C97CB3}"
EndProject
Global
	GlobalSection(SolutionConfigurationPlatforms) = preSolution
		Debug|Any CPU = Debug|Any CPU
		Release|Any CPU = Release|Any CPU
	EndGlobalSection
	GlobalSection(ProjectConfigurationPlatforms) = postSolution
		{37CAA986-58AE-4C56-A6AD-03F8A4C97CB3}.Debug|Any CPU.ActiveCfg = Debug|Any CPU
		{37CAA986-58AE-4C56-A6AD-03F8A4C97CB3}.Debug|Any CPU.Build.0 = Debug|Any CPU
		{37CAA986-58AE-4C56-A6AD-03F8A4C97CB3}.Release|Any CPU.ActiveCfg = Release|Any CPU
		{37CAA986-58AE-4C56-A6AD-03F8A4C97CB3}.Release|Any CPU.Build.0 = Release|Any CPU
	EndGlobalSection
	GlobalSection(SolutionProperties) = preSolution
		HideSolutionNode = FALSE
	EndGlobalSection
	GlobalSection(ExtensibilityGlobals) = postSolution
		SolutionGuid = {973FAF84-E08A-45D5-88F7-760D28693BBF}
	EndGlobalSection
EndGlobal
